
Microsoft Visual Studio Solution File, Format Version 12.00
# Visual Studio 14
VisualStudioVersion = 14.0.25123.0
MinimumVisualStudioVersion = 10.0.40219.1
Project("{FAE04EC0-301F-11D3-BF4B-00C04F79EFBC}") = "ObserverConsole", "ObserverConsole\ObserverConsole.csproj", "{78408945-D601-4CF0-8980-3A965EC50953}"
EndProject
Project("{FAE04EC0-301F-11D3-BF4B-00C04F79EFBC}") = "Observer.PublicationBusiness", "Observer.PublicationBusiness\Observer.PublicationBusiness.csproj", "{8CF8B4CB-B2AB-4850-8BAD-FA8A0DE7080B}"
EndProject
Project("{FAE04EC0-301F-11D3-BF4B-00C04F79EFBC}") = "Observer.PublicationBusiness.Tests", "Observer.PublicationBusiness.Tests\Observer.PublicationBusiness.Tests.csproj", "{893E3698-DAB8-4DC7-9006-034934BCBBE0}"
EndProject
Project("{FAE04EC0-301F-11D3-BF4B-00C04F79EFBC}") = "Observer.MessagingWPF", "Observer.MessagingWPF\Observer.MessagingWPF.csproj", "{FF6FDF53-C08A-49DD-B361-AC989D666421}"
EndProject
Project("{FAE04EC0-301F-11D3-BF4B-00C04F79EFBC}") = "Observer.WebAPI", "Observer.WebAPI\Observer.WebAPI.csproj", "{E4C38BC8-43E9-4AE4-81BF-D40CDEE24EBF}"
EndProject
Project("{FAE04EC0-301F-11D3-BF4B-00C04F79EFBC}") = "Observer.WebAPI.Tests", "Observer.WebAPI.Tests\Observer.WebAPI.Tests.csproj", "{D0B67720-E7AA-486E-BE33-030E87E339CA}"
EndProject
Project("{FAE04EC0-301F-11D3-BF4B-00C04F79EFBC}") = "Observer.UniversalVideoMagazine", "Observer.UniversalVideoMagazine\Observer.UniversalVideoMagazine.csproj", "{019DB07A-EEEF-4ADB-9D85-092823164D92}"
EndProject
Global
	GlobalSection(SolutionConfigurationPlatforms) = preSolution
		Debug|Any CPU = Debug|Any CPU
		Debug|ARM = Debug|ARM
		Debug|x64 = Debug|x64
		Debug|x86 = Debug|x86
		Release|Any CPU = Release|Any CPU
		Release|ARM = Release|ARM
		Release|x64 = Release|x64
		Release|x86 = Release|x86
	EndGlobalSection
	GlobalSection(ProjectConfigurationPlatforms) = postSolution
		{78408945-D601-4CF0-8980-3A965EC50953}.Debug|Any CPU.ActiveCfg = Debug|Any CPU
		{78408945-D601-4CF0-8980-3A965EC50953}.Debug|Any CPU.Build.0 = Debug|Any CPU
		{78408945-D601-4CF0-8980-3A965EC50953}.Debug|ARM.ActiveCfg = Debug|Any CPU
		{78408945-D601-4CF0-8980-3A965EC50953}.Debug|ARM.Build.0 = Debug|Any CPU
		{78408945-D601-4CF0-8980-3A965EC50953}.Debug|x64.ActiveCfg = Debug|Any CPU
		{78408945-D601-4CF0-8980-3A965EC50953}.Debug|x64.Build.0 = Debug|Any CPU
		{78408945-D601-4CF0-8980-3A965EC50953}.Debug|x86.ActiveCfg = Debug|Any CPU
		{78408945-D601-4CF0-8980-3A965EC50953}.Debug|x86.Build.0 = Debug|Any CPU
		{78408945-D601-4CF0-8980-3A965EC50953}.Release|Any CPU.ActiveCfg = Release|Any CPU
		{78408945-D601-4CF0-8980-3A965EC50953}.Release|Any CPU.Build.0 = Release|Any CPU
		{78408945-D601-4CF0-8980-3A965EC50953}.Release|ARM.ActiveCfg = Release|Any CPU
		{78408945-D601-4CF0-8980-3A965EC50953}.Release|ARM.Build.0 = Release|Any CPU
		{78408945-D601-4CF0-8980-3A965EC50953}.Release|x64.ActiveCfg = Release|Any CPU
		{78408945-D601-4CF0-8980-3A965EC50953}.Release|x64.Build.0 = Release|Any CPU
		{78408945-D601-4CF0-8980-3A965EC50953}.Release|x86.ActiveCfg = Release|Any CPU
		{78408945-D601-4CF0-8980-3A965EC50953}.Release|x86.Build.0 = Release|Any CPU
		{8CF8B4CB-B2AB-4850-8BAD-FA8A0DE7080B}.Debug|Any CPU.ActiveCfg = Debug|Any CPU
		{8CF8B4CB-B2AB-4850-8BAD-FA8A0DE7080B}.Debug|Any CPU.Build.0 = Debug|Any CPU
		{8CF8B4CB-B2AB-4850-8BAD-FA8A0DE7080B}.Debug|ARM.ActiveCfg = Debug|Any CPU
		{8CF8B4CB-B2AB-4850-8BAD-FA8A0DE7080B}.Debug|ARM.Build.0 = Debug|Any CPU
		{8CF8B4CB-B2AB-4850-8BAD-FA8A0DE7080B}.Debug|x64.ActiveCfg = Debug|Any CPU
		{8CF8B4CB-B2AB-4850-8BAD-FA8A0DE7080B}.Debug|x64.Build.0 = Debug|Any CPU
		{8CF8B4CB-B2AB-4850-8BAD-FA8A0DE7080B}.Debug|x86.ActiveCfg = Debug|Any CPU
		{8CF8B4CB-B2AB-4850-8BAD-FA8A0DE7080B}.Debug|x86.Build.0 = Debug|Any CPU
		{8CF8B4CB-B2AB-4850-8BAD-FA8A0DE7080B}.Release|Any CPU.ActiveCfg = Release|Any CPU
		{8CF8B4CB-B2AB-4850-8BAD-FA8A0DE7080B}.Release|Any CPU.Build.0 = Release|Any CPU
		{8CF8B4CB-B2AB-4850-8BAD-FA8A0DE7080B}.Release|ARM.ActiveCfg = Release|Any CPU
		{8CF8B4CB-B2AB-4850-8BAD-FA8A0DE7080B}.Release|ARM.Build.0 = Release|Any CPU
		{8CF8B4CB-B2AB-4850-8BAD-FA8A0DE7080B}.Release|x64.ActiveCfg = Release|Any CPU
		{8CF8B4CB-B2AB-4850-8BAD-FA8A0DE7080B}.Release|x64.Build.0 = Release|Any CPU
		{8CF8B4CB-B2AB-4850-8BAD-FA8A0DE7080B}.Release|x86.ActiveCfg = Release|Any CPU
		{8CF8B4CB-B2AB-4850-8BAD-FA8A0DE7080B}.Release|x86.Build.0 = Release|Any CPU
		{893E3698-DAB8-4DC7-9006-034934BCBBE0}.Debug|Any CPU.ActiveCfg = Debug|Any CPU
		{893E3698-DAB8-4DC7-9006-034934BCBBE0}.Debug|Any CPU.Build.0 = Debug|Any CPU
		{893E3698-DAB8-4DC7-9006-034934BCBBE0}.Debug|ARM.ActiveCfg = Debug|Any CPU
		{893E3698-DAB8-4DC7-9006-034934BCBBE0}.Debug|ARM.Build.0 = Debug|Any CPU
		{893E3698-DAB8-4DC7-9006-034934BCBBE0}.Debug|x64.ActiveCfg = Debug|Any CPU
		{893E3698-DAB8-4DC7-9006-034934BCBBE0}.Debug|x64.Build.0 = Debug|Any CPU
		{893E3698-DAB8-4DC7-9006-034934BCBBE0}.Debug|x86.ActiveCfg = Debug|Any CPU
		{893E3698-DAB8-4DC7-9006-034934BCBBE0}.Debug|x86.Build.0 = Debug|Any CPU
		{893E3698-DAB8-4DC7-9006-034934BCBBE0}.Release|Any CPU.ActiveCfg = Release|Any CPU
		{893E3698-DAB8-4DC7-9006-034934BCBBE0}.Release|Any CPU.Build.0 = Release|Any CPU
		{893E3698-DAB8-4DC7-9006-034934BCBBE0}.Release|ARM.ActiveCfg = Release|Any CPU
		{893E3698-DAB8-4DC7-9006-034934BCBBE0}.Release|ARM.Build.0 = Release|Any CPU
		{893E3698-DAB8-4DC7-9006-034934BCBBE0}.Release|x64.ActiveCfg = Release|Any CPU
		{893E3698-DAB8-4DC7-9006-034934BCBBE0}.Release|x64.Build.0 = Release|Any CPU
		{893E3698-DAB8-4DC7-9006-034934BCBBE0}.Release|x86.ActiveCfg = Release|Any CPU
		{893E3698-DAB8-4DC7-9006-034934BCBBE0}.Release|x86.Build.0 = Release|Any CPU
		{FF6FDF53-C08A-49DD-B361-AC989D666421}.Debug|Any CPU.ActiveCfg = Debug|Any CPU
		{FF6FDF53-C08A-49DD-B361-AC989D666421}.Debug|Any CPU.Build.0 = Debug|Any CPU
		{FF6FDF53-C08A-49DD-B361-AC989D666421}.Debug|ARM.ActiveCfg = Debug|Any CPU
		{FF6FDF53-C08A-49DD-B361-AC989D666421}.Debug|ARM.Build.0 = Debug|Any CPU
		{FF6FDF53-C08A-49DD-B361-AC989D666421}.Debug|x64.ActiveCfg = Debug|Any CPU
		{FF6FDF53-C08A-49DD-B361-AC989D666421}.Debug|x64.Build.0 = Debug|Any CPU
		{FF6FDF53-C08A-49DD-B361-AC989D666421}.Debug|x86.ActiveCfg = Debug|Any CPU
		{FF6FDF53-C08A-49DD-B361-AC989D666421}.Debug|x86.Build.0 = Debug|Any CPU
		{FF6FDF53-C08A-49DD-B361-AC989D666421}.Release|Any CPU.ActiveCfg = Release|Any CPU
		{FF6FDF53-C08A-49DD-B361-AC989D666421}.Release|Any CPU.Build.0 = Release|Any CPU
		{FF6FDF53-C08A-49DD-B361-AC989D666421}.Release|ARM.ActiveCfg = Release|Any CPU
		{FF6FDF53-C08A-49DD-B361-AC989D666421}.Release|ARM.Build.0 = Release|Any CPU
		{FF6FDF53-C08A-49DD-B361-AC989D666421}.Release|x64.ActiveCfg = Release|Any CPU
		{FF6FDF53-C08A-49DD-B361-AC989D666421}.Release|x64.Build.0 = Release|Any CPU
		{FF6FDF53-C08A-49DD-B361-AC989D666421}.Release|x86.ActiveCfg = Release|Any CPU
		{FF6FDF53-C08A-49DD-B361-AC989D666421}.Release|x86.Build.0 = Release|Any CPU
		{E4C38BC8-43E9-4AE4-81BF-D40CDEE24EBF}.Debug|Any CPU.ActiveCfg = Debug|Any CPU
		{E4C38BC8-43E9-4AE4-81BF-D40CDEE24EBF}.Debug|Any CPU.Build.0 = Debug|Any CPU
		{E4C38BC8-43E9-4AE4-81BF-D40CDEE24EBF}.Debug|ARM.ActiveCfg = Debug|Any CPU
		{E4C38BC8-43E9-4AE4-81BF-D40CDEE24EBF}.Debug|ARM.Build.0 = Debug|Any CPU
		{E4C38BC8-43E9-4AE4-81BF-D40CDEE24EBF}.Debug|x64.ActiveCfg = Debug|Any CPU
		{E4C38BC8-43E9-4AE4-81BF-D40CDEE24EBF}.Debug|x64.Build.0 = Debug|Any CPU
		{E4C38BC8-43E9-4AE4-81BF-D40CDEE24EBF}.Debug|x86.ActiveCfg = Debug|Any CPU
		{E4C38BC8-43E9-4AE4-81BF-D40CDEE24EBF}.Debug|x86.Build.0 = Debug|Any CPU
		{E4C38BC8-43E9-4AE4-81BF-D40CDEE24EBF}.Release|Any CPU.ActiveCfg = Release|Any CPU
		{E4C38BC8-43E9-4AE4-81BF-D40CDEE24EBF}.Release|Any CPU.Build.0 = Release|Any CPU
		{E4C38BC8-43E9-4AE4-81BF-D40CDEE24EBF}.Release|ARM.ActiveCfg = Release|Any CPU
		{E4C38BC8-43E9-4AE4-81BF-D40CDEE24EBF}.Release|ARM.Build.0 = Release|Any CPU
		{E4C38BC8-43E9-4AE4-81BF-D40CDEE24EBF}.Release|x64.ActiveCfg = Release|Any CPU
		{E4C38BC8-43E9-4AE4-81BF-D40CDEE24EBF}.Release|x64.Build.0 = Release|Any CPU
		{E4C38BC8-43E9-4AE4-81BF-D40CDEE24EBF}.Release|x86.ActiveCfg = Release|Any CPU
		{E4C38BC8-43E9-4AE4-81BF-D40CDEE24EBF}.Release|x86.Build.0 = Release|Any CPU
		{D0B67720-E7AA-486E-BE33-030E87E339CA}.Debug|Any CPU.ActiveCfg = Debug|Any CPU
		{D0B67720-E7AA-486E-BE33-030E87E339CA}.Debug|Any CPU.Build.0 = Debug|Any CPU
		{D0B67720-E7AA-486E-BE33-030E87E339CA}.Debug|ARM.ActiveCfg = Debug|Any CPU
		{D0B67720-E7AA-486E-BE33-030E87E339CA}.Debug|ARM.Build.0 = Debug|Any CPU
		{D0B67720-E7AA-486E-BE33-030E87E339CA}.Debug|x64.ActiveCfg = Debug|Any CPU
		{D0B67720-E7AA-486E-BE33-030E87E339CA}.Debug|x64.Build.0 = Debug|Any CPU
		{D0B67720-E7AA-486E-BE33-030E87E339CA}.Debug|x86.ActiveCfg = Debug|Any CPU
		{D0B67720-E7AA-486E-BE33-030E87E339CA}.Debug|x86.Build.0 = Debug|Any CPU
		{D0B67720-E7AA-486E-BE33-030E87E339CA}.Release|Any CPU.ActiveCfg = Release|Any CPU
		{D0B67720-E7AA-486E-BE33-030E87E339CA}.Release|Any CPU.Build.0 = Release|Any CPU
		{D0B67720-E7AA-486E-BE33-030E87E339CA}.Release|ARM.ActiveCfg = Release|Any CPU
		{D0B67720-E7AA-486E-BE33-030E87E339CA}.Release|ARM.Build.0 = Release|Any CPU
		{D0B67720-E7AA-486E-BE33-030E87E339CA}.Release|x64.ActiveCfg = Release|Any CPU
		{D0B67720-E7AA-486E-BE33-030E87E339CA}.Release|x64.Build.0 = Release|Any CPU
		{D0B67720-E7AA-486E-BE33-030E87E339CA}.Release|x86.ActiveCfg = Release|Any CPU
		{D0B67720-E7AA-486E-BE33-030E87E339CA}.Release|x86.Build.0 = Release|Any CPU
		{019DB07A-EEEF-4ADB-9D85-092823164D92}.Debug|Any CPU.ActiveCfg = Debug|x86
		{019DB07A-EEEF-4ADB-9D85-092823164D92}.Debug|ARM.ActiveCfg = Debug|ARM
		{019DB07A-EEEF-4ADB-9D85-092823164D92}.Debug|ARM.Build.0 = Debug|ARM
		{019DB07A-EEEF-4ADB-9D85-092823164D92}.Debug|ARM.Deploy.0 = Debug|ARM
		{019DB07A-EEEF-4ADB-9D85-092823164D92}.Debug|x64.ActiveCfg = Debug|x64
		{019DB07A-EEEF-4ADB-9D85-092823164D92}.Debug|x64.Build.0 = Debug|x64
		{019DB07A-EEEF-4ADB-9D85-092823164D92}.Debug|x64.Deploy.0 = Debug|x64
		{019DB07A-EEEF-4ADB-9D85-092823164D92}.Debug|x86.ActiveCfg = Debug|x86
		{019DB07A-EEEF-4ADB-9D85-092823164D92}.Debug|x86.Build.0 = Debug|x86
		{019DB07A-EEEF-4ADB-9D85-092823164D92}.Debug|x86.Deploy.0 = Debug|x86
		{019DB07A-EEEF-4ADB-9D85-092823164D92}.Release|Any CPU.ActiveCfg = Release|x86
		{019DB07A-EEEF-4ADB-9D85-092823164D92}.Release|ARM.ActiveCfg = Release|ARM
		{019DB07A-EEEF-4ADB-9D85-092823164D92}.Release|ARM.Build.0 = Release|ARM
		{019DB07A-EEEF-4ADB-9D85-092823164D92}.Release|ARM.Deploy.0 = Release|ARM
		{019DB07A-EEEF-4ADB-9D85-092823164D92}.Release|x64.ActiveCfg = Release|x64
		{019DB07A-EEEF-4ADB-9D85-092823164D92}.Release|x64.Build.0 = Release|x64
		{019DB07A-EEEF-4ADB-9D85-092823164D92}.Release|x64.Deploy.0 = Release|x64
		{019DB07A-EEEF-4ADB-9D85-092823164D92}.Release|x86.ActiveCfg = Release|x86
		{019DB07A-EEEF-4ADB-9D85-092823164D92}.Release|x86.Build.0 = Release|x86
		{019DB07A-EEEF-4ADB-9D85-092823164D92}.Release|x86.Deploy.0 = Release|x86
	EndGlobalSection
	GlobalSection(SolutionProperties) = preSolution
		HideSolutionNode = FALSE
	EndGlobalSection
EndGlobal
